
Microsoft Visual Studio Solution File, Format Version 12.00
# Visual Studio Version 17
VisualStudioVersion = 17.11.35303.130
MinimumVisualStudioVersion = 10.0.40219.1
Project("{FAE04EC0-301F-11D3-BF4B-00C04F79EFBC}") = "CORError", "CORError\CORError.csproj", "{8858F4AF-6153-48B3-AB7F-3E2E0E1678E5}"
EndProject
Global
	GlobalSection(SolutionConfigurationPlatforms) = preSolution
		Debug|Any CPU = Debug|Any CPU
		Release|Any CPU = Release|Any CPU
	EndGlobalSection
	GlobalSection(ProjectConfigurationPlatforms) = postSolution
		{8858F4AF-6153-48B3-AB7F-3E2E0E1678E5}.Debug|Any CPU.ActiveCfg = Debug|Any CPU
		{8858F4AF-6153-48B3-AB7F-3E2E0E1678E5}.Debug|Any CPU.Build.0 = Debug|Any CPU
		{8858F4AF-6153-48B3-AB7F-3E2E0E1678E5}.Release|Any CPU.ActiveCfg = Release|Any CPU
		{8858F4AF-6153-48B3-AB7F-3E2E0E1678E5}.Release|Any CPU.Build.0 = Release|Any CPU
	EndGlobalSection
	GlobalSection(SolutionProperties) = preSolution
		HideSolutionNode = FALSE
	EndGlobalSection
	GlobalSection(ExtensibilityGlobals) = postSolution
		SolutionGuid = {8FE24656-FD03-43FC-BEA8-FA821A0A74D1}
	EndGlobalSection
EndGlobal
